
Microsoft Visual Studio Solution File, Format Version 12.00
# Visual Studio 2015
Project("{FAE04EC0-301F-11D3-BF4B-00C04F79EFBC}") = "TowerOfHanoi.CSharp", "TowerOfHanoi.CSharp.csproj", "{032A711D-348F-8330-F0AC-E4D7EC14EEBA}"
EndProject
Global
	GlobalSection(SolutionConfigurationPlatforms) = preSolution
		Debug|Any CPU = Debug|Any CPU
		Release|Any CPU = Release|Any CPU
	EndGlobalSection
	GlobalSection(ProjectConfigurationPlatforms) = postSolution
		{032A711D-348F-8330-F0AC-E4D7EC14EEBA}.Debug|Any CPU.ActiveCfg = Debug|Any CPU
		{032A711D-348F-8330-F0AC-E4D7EC14EEBA}.Debug|Any CPU.Build.0 = Debug|Any CPU
		{032A711D-348F-8330-F0AC-E4D7EC14EEBA}.Release|Any CPU.ActiveCfg = Release|Any CPU
		{032A711D-348F-8330-F0AC-E4D7EC14EEBA}.Release|Any CPU.Build.0 = Release|Any CPU
	EndGlobalSection
	GlobalSection(SolutionProperties) = preSolution
		HideSolutionNode = FALSE
	EndGlobalSection
EndGlobal
